// !$*UTF8*$!
{
	archiveVersion = 1;
	classes = {
	};
	objectVersion = 50;
	objects = {

/* Begin PBXBuildFile section */
		AE1625F722A485C800D0A45C /* Material.cpp in Sources */ = {isa = PBXBuildFile; fileRef = AE1625F522A485C800D0A45C /* Material.cpp */; };
		AE376F5F2158B2C700044A00 /* main.cpp in Sources */ = {isa = PBXBuildFile; fileRef = AE376F5E2158B2C700044A00 /* main.cpp */; };
		AE58E43F216FED1900189557 /* libgtest_main.a in Frameworks */ = {isa = PBXBuildFile; fileRef = AE58E43D216FED1900189557 /* libgtest_main.a */; };
		AE58E440216FED1900189557 /* libgtest.a in Frameworks */ = {isa = PBXBuildFile; fileRef = AE58E43E216FED1900189557 /* libgtest.a */; };
		AE7E853E229FDE9500BB1CEB /* Scene.cpp in Sources */ = {isa = PBXBuildFile; fileRef = AE7E853C229FDE9500BB1CEB /* Scene.cpp */; };
		AE7E8541229FE6C900BB1CEB /* Light.cpp in Sources */ = {isa = PBXBuildFile; fileRef = AE7E853F229FE6C900BB1CEB /* Light.cpp */; };
		AE915716229F0E03003C8179 /* Camera.cpp in Sources */ = {isa = PBXBuildFile; fileRef = AE915714229F0E03003C8179 /* Camera.cpp */; };
		AE915719229F1B64003C8179 /* Pixel.cpp in Sources */ = {isa = PBXBuildFile; fileRef = AE915717229F1B64003C8179 /* Pixel.cpp */; };
		AE91571C229F1BB9003C8179 /* Vector3.cpp in Sources */ = {isa = PBXBuildFile; fileRef = AE91571A229F1BB9003C8179 /* Vector3.cpp */; };
		AE91571F229F1CA9003C8179 /* Color.cpp in Sources */ = {isa = PBXBuildFile; fileRef = AE91571D229F1CA9003C8179 /* Color.cpp */; };
		AE915722229F3110003C8179 /* Sphere.cpp in Sources */ = {isa = PBXBuildFile; fileRef = AE915720229F3110003C8179 /* Sphere.cpp */; };
		AE915725229F361B003C8179 /* Ray.cpp in Sources */ = {isa = PBXBuildFile; fileRef = AE915723229F361B003C8179 /* Ray.cpp */; };
/* End PBXBuildFile section */

/* Begin PBXCopyFilesBuildPhase section */
		AE376F592158B2C700044A00 /* CopyFiles */ = {
			isa = PBXCopyFilesBuildPhase;
			buildActionMask = 2147483647;
			dstPath = /usr/share/man/man1/;
			dstSubfolderSpec = 0;
			files = (
			);
			runOnlyForDeploymentPostprocessing = 1;
		};
/* End PBXCopyFilesBuildPhase section */

/* Begin PBXFileReference section */
		AE1625F522A485C800D0A45C /* Material.cpp */ = {isa = PBXFileReference; lastKnownFileType = sourcecode.cpp.cpp; path = Material.cpp; sourceTree = "<group>"; };
		AE1625F622A485C800D0A45C /* Material.hpp */ = {isa = PBXFileReference; lastKnownFileType = sourcecode.cpp.h; path = Material.hpp; sourceTree = "<group>"; };
		AE376F5B2158B2C700044A00 /* Synthese2 */ = {isa = PBXFileReference; explicitFileType = "compiled.mach-o.executable"; includeInIndex = 0; path = Synthese2; sourceTree = BUILT_PRODUCTS_DIR; };
		AE376F5E2158B2C700044A00 /* main.cpp */ = {isa = PBXFileReference; lastKnownFileType = sourcecode.cpp.cpp; path = main.cpp; sourceTree = "<group>"; };
		AE58E43D216FED1900189557 /* libgtest_main.a */ = {isa = PBXFileReference; lastKnownFileType = archive.ar; name = libgtest_main.a; path = googletest/build/lib/libgtest_main.a; sourceTree = "<group>"; };
		AE58E43E216FED1900189557 /* libgtest.a */ = {isa = PBXFileReference; lastKnownFileType = archive.ar; name = libgtest.a; path = googletest/build/lib/libgtest.a; sourceTree = "<group>"; };
		AE58E443216FED9400189557 /* UnitsTests.hpp */ = {isa = PBXFileReference; lastKnownFileType = sourcecode.cpp.h; path = UnitsTests.hpp; sourceTree = "<group>"; };
		AE7E853C229FDE9500BB1CEB /* Scene.cpp */ = {isa = PBXFileReference; lastKnownFileType = sourcecode.cpp.cpp; path = Scene.cpp; sourceTree = "<group>"; };
		AE7E853D229FDE9500BB1CEB /* Scene.hpp */ = {isa = PBXFileReference; lastKnownFileType = sourcecode.cpp.h; path = Scene.hpp; sourceTree = "<group>"; };
		AE7E853F229FE6C900BB1CEB /* Light.cpp */ = {isa = PBXFileReference; lastKnownFileType = sourcecode.cpp.cpp; path = Light.cpp; sourceTree = "<group>"; };
		AE7E8540229FE6C900BB1CEB /* Light.hpp */ = {isa = PBXFileReference; lastKnownFileType = sourcecode.cpp.h; path = Light.hpp; sourceTree = "<group>"; };
		AE915714229F0E03003C8179 /* Camera.cpp */ = {isa = PBXFileReference; lastKnownFileType = sourcecode.cpp.cpp; path = Camera.cpp; sourceTree = "<group>"; };
		AE915715229F0E03003C8179 /* Camera.hpp */ = {isa = PBXFileReference; lastKnownFileType = sourcecode.cpp.h; path = Camera.hpp; sourceTree = "<group>"; };
		AE915717229F1B64003C8179 /* Pixel.cpp */ = {isa = PBXFileReference; lastKnownFileType = sourcecode.cpp.cpp; path = Pixel.cpp; sourceTree = "<group>"; };
		AE915718229F1B64003C8179 /* Pixel.hpp */ = {isa = PBXFileReference; lastKnownFileType = sourcecode.cpp.h; path = Pixel.hpp; sourceTree = "<group>"; };
		AE91571A229F1BB9003C8179 /* Vector3.cpp */ = {isa = PBXFileReference; lastKnownFileType = sourcecode.cpp.cpp; path = Vector3.cpp; sourceTree = "<group>"; };
		AE91571B229F1BB9003C8179 /* Vector3.hpp */ = {isa = PBXFileReference; lastKnownFileType = sourcecode.cpp.h; path = Vector3.hpp; sourceTree = "<group>"; };
		AE91571D229F1CA9003C8179 /* Color.cpp */ = {isa = PBXFileReference; lastKnownFileType = sourcecode.cpp.cpp; path = Color.cpp; sourceTree = "<group>"; };
		AE91571E229F1CA9003C8179 /* Color.hpp */ = {isa = PBXFileReference; lastKnownFileType = sourcecode.cpp.h; path = Color.hpp; sourceTree = "<group>"; };
		AE915720229F3110003C8179 /* Sphere.cpp */ = {isa = PBXFileReference; lastKnownFileType = sourcecode.cpp.cpp; path = Sphere.cpp; sourceTree = "<group>"; };
		AE915721229F3110003C8179 /* Sphere.hpp */ = {isa = PBXFileReference; lastKnownFileType = sourcecode.cpp.h; path = Sphere.hpp; sourceTree = "<group>"; };
		AE915723229F361B003C8179 /* Ray.cpp */ = {isa = PBXFileReference; lastKnownFileType = sourcecode.cpp.cpp; path = Ray.cpp; sourceTree = "<group>"; };
		AE915724229F361B003C8179 /* Ray.hpp */ = {isa = PBXFileReference; lastKnownFileType = sourcecode.cpp.h; path = Ray.hpp; sourceTree = "<group>"; };
		AEA8E6352158FF1100E89BCC /* main.hpp */ = {isa = PBXFileReference; lastKnownFileType = sourcecode.cpp.h; path = main.hpp; sourceTree = "<group>"; };
		AEA8E63621590E1900E89BCC /* bitmap_image.hpp */ = {isa = PBXFileReference; fileEncoding = 4; lastKnownFileType = sourcecode.cpp.h; path = bitmap_image.hpp; sourceTree = "<group>"; };
/* End PBXFileReference section */

/* Begin PBXFrameworksBuildPhase section */
		AE376F582158B2C700044A00 /* Frameworks */ = {
			isa = PBXFrameworksBuildPhase;
			buildActionMask = 2147483647;
			files = (
				AE58E43F216FED1900189557 /* libgtest_main.a in Frameworks */,
				AE58E440216FED1900189557 /* libgtest.a in Frameworks */,
			);
			runOnlyForDeploymentPostprocessing = 0;
		};
/* End PBXFrameworksBuildPhase section */

/* Begin PBXGroup section */
		AE376F522158B2C700044A00 = {
			isa = PBXGroup;
			children = (
				AE376F5D2158B2C700044A00 /* Synthese2 */,
				AE376F5C2158B2C700044A00 /* Products */,
				AE58E43C216FED1800189557 /* Frameworks */,
			);
			sourceTree = "<group>";
		};
		AE376F5C2158B2C700044A00 /* Products */ = {
			isa = PBXGroup;
			children = (
				AE376F5B2158B2C700044A00 /* Synthese2 */,
			);
			name = Products;
			sourceTree = "<group>";
		};
		AE376F5D2158B2C700044A00 /* Synthese2 */ = {
			isa = PBXGroup;
			children = (
				AE58E441216FED4E00189557 /* gtests */,
				AE376F652158B2D100044A00 /* Library */,
				AE376F5E2158B2C700044A00 /* main.cpp */,
				AEA8E6352158FF1100E89BCC /* main.hpp */,
				AE915714229F0E03003C8179 /* Camera.cpp */,
				AE915715229F0E03003C8179 /* Camera.hpp */,
				AE915717229F1B64003C8179 /* Pixel.cpp */,
				AE915718229F1B64003C8179 /* Pixel.hpp */,
				AE91571A229F1BB9003C8179 /* Vector3.cpp */,
				AE91571B229F1BB9003C8179 /* Vector3.hpp */,
				AE91571D229F1CA9003C8179 /* Color.cpp */,
				AE91571E229F1CA9003C8179 /* Color.hpp */,
				AE915720229F3110003C8179 /* Sphere.cpp */,
				AE915721229F3110003C8179 /* Sphere.hpp */,
				AE915723229F361B003C8179 /* Ray.cpp */,
				AE915724229F361B003C8179 /* Ray.hpp */,
				AE7E853C229FDE9500BB1CEB /* Scene.cpp */,
				AE7E853D229FDE9500BB1CEB /* Scene.hpp */,
				AE7E853F229FE6C900BB1CEB /* Light.cpp */,
				AE7E8540229FE6C900BB1CEB /* Light.hpp */,
				AE1625F522A485C800D0A45C /* Material.cpp */,
				AE1625F622A485C800D0A45C /* Material.hpp */,
			);
			path = Synthese2;
			sourceTree = "<group>";
		};
		AE376F652158B2D100044A00 /* Library */ = {
			isa = PBXGroup;
			children = (
				AEA8E63921590E2200E89BCC /* Bitmap */,
			);
			path = Library;
			sourceTree = "<group>";
		};
		AE58E43C216FED1800189557 /* Frameworks */ = {
			isa = PBXGroup;
			children = (
				AE58E43D216FED1900189557 /* libgtest_main.a */,
				AE58E43E216FED1900189557 /* libgtest.a */,
			);
			name = Frameworks;
			sourceTree = "<group>";
		};
		AE58E441216FED4E00189557 /* gtests */ = {
			isa = PBXGroup;
			children = (
				AE58E443216FED9400189557 /* UnitsTests.hpp */,
			);
			path = gtests;
			sourceTree = "<group>";
		};
		AEA8E63921590E2200E89BCC /* Bitmap */ = {
			isa = PBXGroup;
			children = (
				AEA8E63621590E1900E89BCC /* bitmap_image.hpp */,
			);
			path = Bitmap;
			sourceTree = "<group>";
		};
/* End PBXGroup section */

/* Begin PBXNativeTarget section */
		AE376F5A2158B2C700044A00 /* Synthese2 */ = {
			isa = PBXNativeTarget;
			buildConfigurationList = AE376F622158B2C700044A00 /* Build configuration list for PBXNativeTarget "Synthese2" */;
			buildPhases = (
				AE376F572158B2C700044A00 /* Sources */,
				AE376F582158B2C700044A00 /* Frameworks */,
				AE376F592158B2C700044A00 /* CopyFiles */,
			);
			buildRules = (
			);
			dependencies = (
			);
			name = Synthese2;
			productName = Synthese2;
			productReference = AE376F5B2158B2C700044A00 /* Synthese2 */;
			productType = "com.apple.product-type.tool";
		};
/* End PBXNativeTarget section */

/* Begin PBXProject section */
		AE376F532158B2C700044A00 /* Project object */ = {
			isa = PBXProject;
			attributes = {
				LastUpgradeCheck = 1100;
				ORGANIZATIONNAME = Marsgames;
				TargetAttributes = {
					AE376F5A2158B2C700044A00 = {
						CreatedOnToolsVersion = 10.0;
					};
				};
			};
			buildConfigurationList = AE376F562158B2C700044A00 /* Build configuration list for PBXProject "Synthese2" */;
			compatibilityVersion = "Xcode 9.3";
			developmentRegion = en;
			hasScannedForEncodings = 0;
			knownRegions = (
				en,
				Base,
			);
			mainGroup = AE376F522158B2C700044A00;
			productRefGroup = AE376F5C2158B2C700044A00 /* Products */;
			projectDirPath = "";
			projectRoot = "";
			targets = (
				AE376F5A2158B2C700044A00 /* Synthese2 */,
			);
		};
/* End PBXProject section */

/* Begin PBXSourcesBuildPhase section */
		AE376F572158B2C700044A00 /* Sources */ = {
			isa = PBXSourcesBuildPhase;
			buildActionMask = 2147483647;
			files = (
				AE7E8541229FE6C900BB1CEB /* Light.cpp in Sources */,
				AE7E853E229FDE9500BB1CEB /* Scene.cpp in Sources */,
				AE915719229F1B64003C8179 /* Pixel.cpp in Sources */,
				AE915716229F0E03003C8179 /* Camera.cpp in Sources */,
				AE91571F229F1CA9003C8179 /* Color.cpp in Sources */,
				AE91571C229F1BB9003C8179 /* Vector3.cpp in Sources */,
				AE915725229F361B003C8179 /* Ray.cpp in Sources */,
				AE915722229F3110003C8179 /* Sphere.cpp in Sources */,
				AE1625F722A485C800D0A45C /* Material.cpp in Sources */,
				AE376F5F2158B2C700044A00 /* main.cpp in Sources */,
			);
			runOnlyForDeploymentPostprocessing = 0;
		};
/* End PBXSourcesBuildPhase section */

/* Begin XCBuildConfiguration section */
		AE376F602158B2C700044A00 /* Debug */ = {
			isa = XCBuildConfiguration;
			buildSettings = {
				ALWAYS_SEARCH_USER_PATHS = NO;
				CLANG_ANALYZER_NONNULL = YES;
				CLANG_ANALYZER_NUMBER_OBJECT_CONVERSION = YES_AGGRESSIVE;
				CLANG_CXX_LANGUAGE_STANDARD = "gnu++14";
				CLANG_CXX_LIBRARY = "libc++";
				CLANG_ENABLE_MODULES = YES;
				CLANG_ENABLE_OBJC_ARC = YES;
				CLANG_ENABLE_OBJC_WEAK = YES;
				CLANG_WARN_BLOCK_CAPTURE_AUTORELEASING = YES;
				CLANG_WARN_BOOL_CONVERSION = YES;
				CLANG_WARN_COMMA = YES;
				CLANG_WARN_CONSTANT_CONVERSION = YES;
				CLANG_WARN_DEPRECATED_OBJC_IMPLEMENTATIONS = YES;
				CLANG_WARN_DIRECT_OBJC_ISA_USAGE = YES_ERROR;
				CLANG_WARN_DOCUMENTATION_COMMENTS = YES;
				CLANG_WARN_EMPTY_BODY = YES;
				CLANG_WARN_ENUM_CONVERSION = YES;
				CLANG_WARN_INFINITE_RECURSION = YES;
				CLANG_WARN_INT_CONVERSION = YES;
				CLANG_WARN_NON_LITERAL_NULL_CONVERSION = YES;
				CLANG_WARN_OBJC_IMPLICIT_RETAIN_SELF = YES;
				CLANG_WARN_OBJC_LITERAL_CONVERSION = YES;
				CLANG_WARN_OBJC_ROOT_CLASS = YES_ERROR;
				CLANG_WARN_RANGE_LOOP_ANALYSIS = YES;
				CLANG_WARN_STRICT_PROTOTYPES = YES;
				CLANG_WARN_SUSPICIOUS_MOVE = YES;
				CLANG_WARN_UNGUARDED_AVAILABILITY = YES_AGGRESSIVE;
				CLANG_WARN_UNREACHABLE_CODE = YES;
				CLANG_WARN__DUPLICATE_METHOD_MATCH = YES;
				CODE_SIGN_IDENTITY = "Mac Developer";
				COPY_PHASE_STRIP = NO;
				DEBUG_INFORMATION_FORMAT = dwarf;
				ENABLE_STRICT_OBJC_MSGSEND = YES;
				ENABLE_TESTABILITY = YES;
				GCC_C_LANGUAGE_STANDARD = gnu11;
				GCC_DYNAMIC_NO_PIC = NO;
				GCC_NO_COMMON_BLOCKS = YES;
				GCC_OPTIMIZATION_LEVEL = 0;
				GCC_PREPROCESSOR_DEFINITIONS = (
					"DEBUG=1",
					"$(inherited)",
				);
				GCC_WARN_64_TO_32_BIT_CONVERSION = YES;
				GCC_WARN_ABOUT_RETURN_TYPE = YES_ERROR;
				GCC_WARN_UNDECLARED_SELECTOR = YES;
				GCC_WARN_UNINITIALIZED_AUTOS = YES_AGGRESSIVE;
				GCC_WARN_UNUSED_FUNCTION = YES;
				GCC_WARN_UNUSED_VARIABLE = YES;
				MACOSX_DEPLOYMENT_TARGET = 10.14;
				MTL_ENABLE_DEBUG_INFO = INCLUDE_SOURCE;
				MTL_FAST_MATH = YES;
				ONLY_ACTIVE_ARCH = YES;
				SDKROOT = macosx;
			};
			name = Debug;
		};
		AE376F612158B2C700044A00 /* Release */ = {
			isa = XCBuildConfiguration;
			buildSettings = {
				ALWAYS_SEARCH_USER_PATHS = NO;
				CLANG_ANALYZER_NONNULL = YES;
				CLANG_ANALYZER_NUMBER_OBJECT_CONVERSION = YES_AGGRESSIVE;
				CLANG_CXX_LANGUAGE_STANDARD = "gnu++14";
				CLANG_CXX_LIBRARY = "libc++";
				CLANG_ENABLE_MODULES = YES;
				CLANG_ENABLE_OBJC_ARC = YES;
				CLANG_ENABLE_OBJC_WEAK = YES;
				CLANG_WARN_BLOCK_CAPTURE_AUTORELEASING = YES;
				CLANG_WARN_BOOL_CONVERSION = YES;
				CLANG_WARN_COMMA = YES;
				CLANG_WARN_CONSTANT_CONVERSION = YES;
				CLANG_WARN_DEPRECATED_OBJC_IMPLEMENTATIONS = YES;
				CLANG_WARN_DIRECT_OBJC_ISA_USAGE = YES_ERROR;
				CLANG_WARN_DOCUMENTATION_COMMENTS = YES;
				CLANG_WARN_EMPTY_BODY = YES;
				CLANG_WARN_ENUM_CONVERSION = YES;
				CLANG_WARN_INFINITE_RECURSION = YES;
				CLANG_WARN_INT_CONVERSION = YES;
				CLANG_WARN_NON_LITERAL_NULL_CONVERSION = YES;
				CLANG_WARN_OBJC_IMPLICIT_RETAIN_SELF = YES;
				CLANG_WARN_OBJC_LITERAL_CONVERSION = YES;
				CLANG_WARN_OBJC_ROOT_CLASS = YES_ERROR;
				CLANG_WARN_RANGE_LOOP_ANALYSIS = YES;
				CLANG_WARN_STRICT_PROTOTYPES = YES;
				CLANG_WARN_SUSPICIOUS_MOVE = YES;
				CLANG_WARN_UNGUARDED_AVAILABILITY = YES_AGGRESSIVE;
				CLANG_WARN_UNREACHABLE_CODE = YES;
				CLANG_WARN__DUPLICATE_METHOD_MATCH = YES;
				CODE_SIGN_IDENTITY = "Mac Developer";
				COPY_PHASE_STRIP = NO;
				DEBUG_INFORMATION_FORMAT = "dwarf-with-dsym";
				ENABLE_NS_ASSERTIONS = NO;
				ENABLE_STRICT_OBJC_MSGSEND = YES;
				GCC_C_LANGUAGE_STANDARD = gnu11;
				GCC_NO_COMMON_BLOCKS = YES;
				GCC_WARN_64_TO_32_BIT_CONVERSION = YES;
				GCC_WARN_ABOUT_RETURN_TYPE = YES_ERROR;
				GCC_WARN_UNDECLARED_SELECTOR = YES;
				GCC_WARN_UNINITIALIZED_AUTOS = YES_AGGRESSIVE;
				GCC_WARN_UNUSED_FUNCTION = YES;
				GCC_WARN_UNUSED_VARIABLE = YES;
				MACOSX_DEPLOYMENT_TARGET = 10.14;
				MTL_ENABLE_DEBUG_INFO = NO;
				MTL_FAST_MATH = YES;
				SDKROOT = macosx;
			};
			name = Release;
		};
		AE376F632158B2C700044A00 /* Debug */ = {
			isa = XCBuildConfiguration;
			buildSettings = {
				CODE_SIGN_IDENTITY = "-";
				CODE_SIGN_STYLE = Automatic;
				DEVELOPMENT_TEAM = 7RA755DD97;
				GCC_TREAT_WARNINGS_AS_ERRORS = YES;
				GCC_VERSION = "";
				HEADER_SEARCH_PATHS = (
					/Users/Raph/Documents/Gamagora/Synthese/Synthese2/googletest/googletest/include,
					/Users/Raph/Documents/Gamagora/Synthese/Synthese2/Synthese2,
				);
				LIBRARY_SEARCH_PATHS = "$(PROJECT_DIR)/googletest/build/lib";
				MACOSX_DEPLOYMENT_TARGET = 10.14;
				PRODUCT_NAME = "$(TARGET_NAME)";
			};
			name = Debug;
		};
		AE376F642158B2C700044A00 /* Release */ = {
			isa = XCBuildConfiguration;
			buildSettings = {
				CODE_SIGN_IDENTITY = "-";
				CODE_SIGN_STYLE = Automatic;
				DEVELOPMENT_TEAM = 7RA755DD97;
				GCC_TREAT_WARNINGS_AS_ERRORS = YES;
				GCC_VERSION = "";
				HEADER_SEARCH_PATHS = (
					/Users/Raph/Documents/Gamagora/Synthese/Synthese2/googletest/googletest/include,
					/Users/Raph/Documents/Gamagora/Synthese/Synthese2/Synthese2,
				);
				LIBRARY_SEARCH_PATHS = "$(PROJECT_DIR)/googletest/build/lib";
				MACOSX_DEPLOYMENT_TARGET = 10.14;
				PRODUCT_NAME = "$(TARGET_NAME)";
			};
			name = Release;
		};
/* End XCBuildConfiguration section */

/* Begin XCConfigurationList section */
		AE376F562158B2C700044A00 /* Build configuration list for PBXProject "Synthese2" */ = {
			isa = XCConfigurationList;
			buildConfigurations = (
				AE376F602158B2C700044A00 /* Debug */,
				AE376F612158B2C700044A00 /* Release */,
			);
			defaultConfigurationIsVisible = 0;
			defaultConfigurationName = Release;
		};
		AE376F622158B2C700044A00 /* Build configuration list for PBXNativeTarget "Synthese2" */ = {
			isa = XCConfigurationList;
			buildConfigurations = (
				AE376F632158B2C700044A00 /* Debug */,
				AE376F642158B2C700044A00 /* Release */,
			);
			defaultConfigurationIsVisible = 0;
			defaultConfigurationName = Release;
		};
/* End XCConfigurationList section */
	};
	rootObject = AE376F532158B2C700044A00 /* Project object */;
}
